
Microsoft Visual Studio Solution File, Format Version 12.00
# Visual Studio Version 17
VisualStudioVersion = 17.4.33103.184
MinimumVisualStudioVersion = 15.0.26124.0
Project("{9A19103F-16F7-4668-BE54-9A1E7A4F7556}") = "AzureEventSubscriber", "AzureEventSubscriber\AzureEventSubscriber.csproj", "{60E0FD83-4BFA-46A4-9B05-68E04E4323FF}"
EndProject
Project("{9A19103F-16F7-4668-BE54-9A1E7A4F7556}") = "Azure.CloudEvents.Discovery.Service", "Azure.CloudEvents.Discovery.Service\Azure.CloudEvents.Discovery.Service.csproj", "{8BC01CEB-4618-470B-839C-CDDBD4BB58B2}"
EndProject
Project("{9A19103F-16F7-4668-BE54-9A1E7A4F7556}") = "Azure.CloudEvents.Discovery", "Azure.CloudEvents.Discovery\Azure.CloudEvents.Discovery.csproj", "{DF1BAC41-9C22-4A81-9007-9D2428D341CC}"
EndProject
Project("{9A19103F-16F7-4668-BE54-9A1E7A4F7556}") = "Azure.CloudEvents.Discovery.Service.Test", "..\test\Azure.CloudEvents.Discovery.Service.Test\Azure.CloudEvents.Discovery.Service.Test.csproj", "{BD3CF726-B8EC-4158-98DF-D76C0246307D}"
EndProject
Project("{9A19103F-16F7-4668-BE54-9A1E7A4F7556}") = "Azure.CloudEvents.Discovery.Service.CliTest", "..\test\Azure.CloudEvents.Discovery.Service.CliTest\Azure.CloudEvents.Discovery.Service.CliTest.csproj", "{D4FED6E9-331F-4BEF-9EE1-60AF5D0A5C66}"
EndProject
Project("{9A19103F-16F7-4668-BE54-9A1E7A4F7556}") = "Azure.CloudEvents.Subscriptions", "Azure.CloudEvents.Subscriptions\Azure.CloudEvents.Subscriptions.csproj", "{DF6087E0-0732-4755-8BF9-469BE545D061}"
EndProject
Project("{9A19103F-16F7-4668-BE54-9A1E7A4F7556}") = "Azure.CloudEvents.Discovery.SystemTopicLoader", "Azure.CloudEvents.Discovery.SystemTopicLoader\Azure.CloudEvents.Discovery.SystemTopicLoader.csproj", "{A33D9774-7907-4177-8791-818D710CC115}"
EndProject
Project("{9A19103F-16F7-4668-BE54-9A1E7A4F7556}") = "AzureResourceImporter", "AzureResourceImporter\AzureResourceImporter.csproj", "{EA897094-711C-45A2-9534-A79D1B6E2A65}"
EndProject
Project("{9A19103F-16F7-4668-BE54-9A1E7A4F7556}") = "CloudEventsRegistryCli", "CloudEventsRegistryCli\CloudEventsRegistryCli.csproj", "{F21B3767-AA53-4C84-BE29-048849BB7ACF}"
EndProject
Global
	GlobalSection(SolutionConfigurationPlatforms) = preSolution
		Debug|Any CPU = Debug|Any CPU
		Debug|x64 = Debug|x64
		Debug|x86 = Debug|x86
		Release|Any CPU = Release|Any CPU
		Release|x64 = Release|x64
		Release|x86 = Release|x86
	EndGlobalSection
	GlobalSection(ProjectConfigurationPlatforms) = postSolution
		{60E0FD83-4BFA-46A4-9B05-68E04E4323FF}.Debug|Any CPU.ActiveCfg = Debug|Any CPU
		{60E0FD83-4BFA-46A4-9B05-68E04E4323FF}.Debug|Any CPU.Build.0 = Debug|Any CPU
		{60E0FD83-4BFA-46A4-9B05-68E04E4323FF}.Debug|x64.ActiveCfg = Debug|Any CPU
		{60E0FD83-4BFA-46A4-9B05-68E04E4323FF}.Debug|x64.Build.0 = Debug|Any CPU
		{60E0FD83-4BFA-46A4-9B05-68E04E4323FF}.Debug|x86.ActiveCfg = Debug|Any CPU
		{60E0FD83-4BFA-46A4-9B05-68E04E4323FF}.Debug|x86.Build.0 = Debug|Any CPU
		{60E0FD83-4BFA-46A4-9B05-68E04E4323FF}.Release|Any CPU.ActiveCfg = Release|Any CPU
		{60E0FD83-4BFA-46A4-9B05-68E04E4323FF}.Release|Any CPU.Build.0 = Release|Any CPU
		{60E0FD83-4BFA-46A4-9B05-68E04E4323FF}.Release|x64.ActiveCfg = Release|Any CPU
		{60E0FD83-4BFA-46A4-9B05-68E04E4323FF}.Release|x64.Build.0 = Release|Any CPU
		{60E0FD83-4BFA-46A4-9B05-68E04E4323FF}.Release|x86.ActiveCfg = Release|Any CPU
		{60E0FD83-4BFA-46A4-9B05-68E04E4323FF}.Release|x86.Build.0 = Release|Any CPU
		{8BC01CEB-4618-470B-839C-CDDBD4BB58B2}.Debug|Any CPU.ActiveCfg = Debug|Any CPU
		{8BC01CEB-4618-470B-839C-CDDBD4BB58B2}.Debug|Any CPU.Build.0 = Debug|Any CPU
		{8BC01CEB-4618-470B-839C-CDDBD4BB58B2}.Debug|x64.ActiveCfg = Debug|Any CPU
		{8BC01CEB-4618-470B-839C-CDDBD4BB58B2}.Debug|x64.Build.0 = Debug|Any CPU
		{8BC01CEB-4618-470B-839C-CDDBD4BB58B2}.Debug|x86.ActiveCfg = Debug|Any CPU
		{8BC01CEB-4618-470B-839C-CDDBD4BB58B2}.Debug|x86.Build.0 = Debug|Any CPU
		{8BC01CEB-4618-470B-839C-CDDBD4BB58B2}.Release|Any CPU.ActiveCfg = Release|Any CPU
		{8BC01CEB-4618-470B-839C-CDDBD4BB58B2}.Release|Any CPU.Build.0 = Release|Any CPU
		{8BC01CEB-4618-470B-839C-CDDBD4BB58B2}.Release|x64.ActiveCfg = Release|Any CPU
		{8BC01CEB-4618-470B-839C-CDDBD4BB58B2}.Release|x64.Build.0 = Release|Any CPU
		{8BC01CEB-4618-470B-839C-CDDBD4BB58B2}.Release|x86.ActiveCfg = Release|Any CPU
		{8BC01CEB-4618-470B-839C-CDDBD4BB58B2}.Release|x86.Build.0 = Release|Any CPU
		{DF1BAC41-9C22-4A81-9007-9D2428D341CC}.Debug|Any CPU.ActiveCfg = Debug|Any CPU
		{DF1BAC41-9C22-4A81-9007-9D2428D341CC}.Debug|Any CPU.Build.0 = Debug|Any CPU
		{DF1BAC41-9C22-4A81-9007-9D2428D341CC}.Debug|x64.ActiveCfg = Debug|Any CPU
		{DF1BAC41-9C22-4A81-9007-9D2428D341CC}.Debug|x64.Build.0 = Debug|Any CPU
		{DF1BAC41-9C22-4A81-9007-9D2428D341CC}.Debug|x86.ActiveCfg = Debug|Any CPU
		{DF1BAC41-9C22-4A81-9007-9D2428D341CC}.Debug|x86.Build.0 = Debug|Any CPU
		{DF1BAC41-9C22-4A81-9007-9D2428D341CC}.Release|Any CPU.ActiveCfg = Release|Any CPU
		{DF1BAC41-9C22-4A81-9007-9D2428D341CC}.Release|Any CPU.Build.0 = Release|Any CPU
		{DF1BAC41-9C22-4A81-9007-9D2428D341CC}.Release|x64.ActiveCfg = Release|Any CPU
		{DF1BAC41-9C22-4A81-9007-9D2428D341CC}.Release|x64.Build.0 = Release|Any CPU
		{DF1BAC41-9C22-4A81-9007-9D2428D341CC}.Release|x86.ActiveCfg = Release|Any CPU
		{DF1BAC41-9C22-4A81-9007-9D2428D341CC}.Release|x86.Build.0 = Release|Any CPU
		{BD3CF726-B8EC-4158-98DF-D76C0246307D}.Debug|Any CPU.ActiveCfg = Debug|Any CPU
		{BD3CF726-B8EC-4158-98DF-D76C0246307D}.Debug|Any CPU.Build.0 = Debug|Any CPU
		{BD3CF726-B8EC-4158-98DF-D76C0246307D}.Debug|x64.ActiveCfg = Debug|Any CPU
		{BD3CF726-B8EC-4158-98DF-D76C0246307D}.Debug|x64.Build.0 = Debug|Any CPU
		{BD3CF726-B8EC-4158-98DF-D76C0246307D}.Debug|x86.ActiveCfg = Debug|Any CPU
		{BD3CF726-B8EC-4158-98DF-D76C0246307D}.Debug|x86.Build.0 = Debug|Any CPU
		{BD3CF726-B8EC-4158-98DF-D76C0246307D}.Release|Any CPU.ActiveCfg = Release|Any CPU
		{BD3CF726-B8EC-4158-98DF-D76C0246307D}.Release|Any CPU.Build.0 = Release|Any CPU
		{BD3CF726-B8EC-4158-98DF-D76C0246307D}.Release|x64.ActiveCfg = Release|Any CPU
		{BD3CF726-B8EC-4158-98DF-D76C0246307D}.Release|x64.Build.0 = Release|Any CPU
		{BD3CF726-B8EC-4158-98DF-D76C0246307D}.Release|x86.ActiveCfg = Release|Any CPU
		{BD3CF726-B8EC-4158-98DF-D76C0246307D}.Release|x86.Build.0 = Release|Any CPU
		{D4FED6E9-331F-4BEF-9EE1-60AF5D0A5C66}.Debug|Any CPU.ActiveCfg = Debug|Any CPU
		{D4FED6E9-331F-4BEF-9EE1-60AF5D0A5C66}.Debug|Any CPU.Build.0 = Debug|Any CPU
		{D4FED6E9-331F-4BEF-9EE1-60AF5D0A5C66}.Debug|x64.ActiveCfg = Debug|Any CPU
		{D4FED6E9-331F-4BEF-9EE1-60AF5D0A5C66}.Debug|x64.Build.0 = Debug|Any CPU
		{D4FED6E9-331F-4BEF-9EE1-60AF5D0A5C66}.Debug|x86.ActiveCfg = Debug|Any CPU
		{D4FED6E9-331F-4BEF-9EE1-60AF5D0A5C66}.Debug|x86.Build.0 = Debug|Any CPU
		{D4FED6E9-331F-4BEF-9EE1-60AF5D0A5C66}.Release|Any CPU.ActiveCfg = Release|Any CPU
		{D4FED6E9-331F-4BEF-9EE1-60AF5D0A5C66}.Release|Any CPU.Build.0 = Release|Any CPU
		{D4FED6E9-331F-4BEF-9EE1-60AF5D0A5C66}.Release|x64.ActiveCfg = Release|Any CPU
		{D4FED6E9-331F-4BEF-9EE1-60AF5D0A5C66}.Release|x64.Build.0 = Release|Any CPU
		{D4FED6E9-331F-4BEF-9EE1-60AF5D0A5C66}.Release|x86.ActiveCfg = Release|Any CPU
		{D4FED6E9-331F-4BEF-9EE1-60AF5D0A5C66}.Release|x86.Build.0 = Release|Any CPU
		{DF6087E0-0732-4755-8BF9-469BE545D061}.Debug|Any CPU.ActiveCfg = Debug|Any CPU
		{DF6087E0-0732-4755-8BF9-469BE545D061}.Debug|Any CPU.Build.0 = Debug|Any CPU
		{DF6087E0-0732-4755-8BF9-469BE545D061}.Debug|x64.ActiveCfg = Debug|Any CPU
		{DF6087E0-0732-4755-8BF9-469BE545D061}.Debug|x64.Build.0 = Debug|Any CPU
		{DF6087E0-0732-4755-8BF9-469BE545D061}.Debug|x86.ActiveCfg = Debug|Any CPU
		{DF6087E0-0732-4755-8BF9-469BE545D061}.Debug|x86.Build.0 = Debug|Any CPU
		{DF6087E0-0732-4755-8BF9-469BE545D061}.Release|Any CPU.ActiveCfg = Release|Any CPU
		{DF6087E0-0732-4755-8BF9-469BE545D061}.Release|Any CPU.Build.0 = Release|Any CPU
		{DF6087E0-0732-4755-8BF9-469BE545D061}.Release|x64.ActiveCfg = Release|Any CPU
		{DF6087E0-0732-4755-8BF9-469BE545D061}.Release|x64.Build.0 = Release|Any CPU
		{DF6087E0-0732-4755-8BF9-469BE545D061}.Release|x86.ActiveCfg = Release|Any CPU
		{DF6087E0-0732-4755-8BF9-469BE545D061}.Release|x86.Build.0 = Release|Any CPU
		{A33D9774-7907-4177-8791-818D710CC115}.Debug|Any CPU.ActiveCfg = Debug|Any CPU
		{A33D9774-7907-4177-8791-818D710CC115}.Debug|Any CPU.Build.0 = Debug|Any CPU
		{A33D9774-7907-4177-8791-818D710CC115}.Debug|x64.ActiveCfg = Debug|Any CPU
		{A33D9774-7907-4177-8791-818D710CC115}.Debug|x64.Build.0 = Debug|Any CPU
		{A33D9774-7907-4177-8791-818D710CC115}.Debug|x86.ActiveCfg = Debug|Any CPU
		{A33D9774-7907-4177-8791-818D710CC115}.Debug|x86.Build.0 = Debug|Any CPU
		{A33D9774-7907-4177-8791-818D710CC115}.Release|Any CPU.ActiveCfg = Release|Any CPU
		{A33D9774-7907-4177-8791-818D710CC115}.Release|Any CPU.Build.0 = Release|Any CPU
		{A33D9774-7907-4177-8791-818D710CC115}.Release|x64.ActiveCfg = Release|Any CPU
		{A33D9774-7907-4177-8791-818D710CC115}.Release|x64.Build.0 = Release|Any CPU
		{A33D9774-7907-4177-8791-818D710CC115}.Release|x86.ActiveCfg = Release|Any CPU
		{A33D9774-7907-4177-8791-818D710CC115}.Release|x86.Build.0 = Release|Any CPU
		{EA897094-711C-45A2-9534-A79D1B6E2A65}.Debug|Any CPU.ActiveCfg = Debug|Any CPU
		{EA897094-711C-45A2-9534-A79D1B6E2A65}.Debug|Any CPU.Build.0 = Debug|Any CPU
		{EA897094-711C-45A2-9534-A79D1B6E2A65}.Debug|x64.ActiveCfg = Debug|Any CPU
		{EA897094-711C-45A2-9534-A79D1B6E2A65}.Debug|x64.Build.0 = Debug|Any CPU
		{EA897094-711C-45A2-9534-A79D1B6E2A65}.Debug|x86.ActiveCfg = Debug|Any CPU
		{EA897094-711C-45A2-9534-A79D1B6E2A65}.Debug|x86.Build.0 = Debug|Any CPU
		{EA897094-711C-45A2-9534-A79D1B6E2A65}.Release|Any CPU.ActiveCfg = Release|Any CPU
		{EA897094-711C-45A2-9534-A79D1B6E2A65}.Release|Any CPU.Build.0 = Release|Any CPU
		{EA897094-711C-45A2-9534-A79D1B6E2A65}.Release|x64.ActiveCfg = Release|Any CPU
		{EA897094-711C-45A2-9534-A79D1B6E2A65}.Release|x64.Build.0 = Release|Any CPU
		{EA897094-711C-45A2-9534-A79D1B6E2A65}.Release|x86.ActiveCfg = Release|Any CPU
		{EA897094-711C-45A2-9534-A79D1B6E2A65}.Release|x86.Build.0 = Release|Any CPU
		{F21B3767-AA53-4C84-BE29-048849BB7ACF}.Debug|Any CPU.ActiveCfg = Debug|Any CPU
		{F21B3767-AA53-4C84-BE29-048849BB7ACF}.Debug|Any CPU.Build.0 = Debug|Any CPU
		{F21B3767-AA53-4C84-BE29-048849BB7ACF}.Debug|x64.ActiveCfg = Debug|Any CPU
		{F21B3767-AA53-4C84-BE29-048849BB7ACF}.Debug|x64.Build.0 = Debug|Any CPU
		{F21B3767-AA53-4C84-BE29-048849BB7ACF}.Debug|x86.ActiveCfg = Debug|Any CPU
		{F21B3767-AA53-4C84-BE29-048849BB7ACF}.Debug|x86.Build.0 = Debug|Any CPU
		{F21B3767-AA53-4C84-BE29-048849BB7ACF}.Release|Any CPU.ActiveCfg = Release|Any CPU
		{F21B3767-AA53-4C84-BE29-048849BB7ACF}.Release|Any CPU.Build.0 = Release|Any CPU
		{F21B3767-AA53-4C84-BE29-048849BB7ACF}.Release|x64.ActiveCfg = Release|Any CPU
		{F21B3767-AA53-4C84-BE29-048849BB7ACF}.Release|x64.Build.0 = Release|Any CPU
		{F21B3767-AA53-4C84-BE29-048849BB7ACF}.Release|x86.ActiveCfg = Release|Any CPU
		{F21B3767-AA53-4C84-BE29-048849BB7ACF}.Release|x86.Build.0 = Release|Any CPU
	EndGlobalSection
	GlobalSection(SolutionProperties) = preSolution
		HideSolutionNode = FALSE
	EndGlobalSection
	GlobalSection(ExtensibilityGlobals) = postSolution
		SolutionGuid = {900E98A2-D30F-4C11-ACF5-C0FDE2B199D6}
	EndGlobalSection
EndGlobal
